{
  "nodes": {
    "minimalbase": {
      "inputs": {
        "nixpkgs": "nixpkgs"
      },
      "locked": {
        "lastModified": 1782265785,
        "narHash": "sha256-nYFisjFW8yYjW5RYn3ark4cBd9DALaxC7iVejHjQxvY=",
        "owner": "nonrootdocker",
        "repo": "minimalbase",
        "rev": "5fb61d590c64f443bc7658ce76520255dbdefca3",
        "type": "github"
      },
      "original": {
        "owner": "nonrootdocker",
        "repo": "minimalbase",
        "type": "github"
      }
    },
    "nixpkgs": {
      "locked": {
        "lastModified": 1782092127,
        "narHash": "sha256-JLv04LY64Xf3QNa2bBwRgCCDwRMQaZlJc4xsAOwEfiU=",
        "owner": "NixOS",
        "repo": "nixpkgs",
        "rev": "42342cbe4e6f9fdf22afb69b611f803c9c5dab67",
        "type": "github"
      },
      "original": {
        "owner": "NixOS",
        "repo": "nixpkgs",
        "type": "github"
      }
    },
    "root": {
      "inputs": {
        "minimalbase": "minimalbase",
        "nixpkgs": [
          "minimalbase",
          "nixpkgs"
        ],
        "unpackerr-src": "unpackerr-src"
      }
    },
    "unpackerr-src": {
      "flake": false,
      "locked": {
        "narHash": "sha256-tAy/KFGzYAB+j7ADT3dUF9A+lmpnhXwDzCJibXgB97o=",
        "type": "file",
        "url": "https://github.com/unpackerr/unpackerr/releases/latest/download/unpackerr.amd64.linux.gz"
      },
      "original": {
        "type": "file",
        "url": "https://github.com/unpackerr/unpackerr/releases/latest/download/unpackerr.amd64.linux.gz"
      }
    }
  },
  "root": "root",
  "version": 7
}
