{
  "nodes": {
    "minimalbase": {
      "inputs": {
        "nixpkgs": "nixpkgs"
      },
      "locked": {
        "lastModified": 1781487957,
        "narHash": "sha256-eG2lnw1fZzKTm3W9D/kYIqaZy63fFFu++tvMNhdtvd8=",
        "owner": "nonrootdocker",
        "repo": "minimalbase",
        "rev": "2a340a94a8a38e9b470df1f1d5b402babd5f8931",
        "type": "github"
      },
      "original": {
        "owner": "nonrootdocker",
        "repo": "minimalbase",
        "type": "github"
      }
    },
    "nixpkgs": {
      "locked": {
        "lastModified": 1781487543,
        "narHash": "sha256-efniaYGqBOAhNrbAR+/1/jSwT4RRW9QNynm2/LdNUcY=",
        "owner": "NixOS",
        "repo": "nixpkgs",
        "rev": "593ffa8f4a01cb9522c73fca9c77f97a532f9c78",
        "type": "github"
      },
      "original": {
        "owner": "NixOS",
        "repo": "nixpkgs",
        "type": "github"
      }
    },
    "root": {
      "inputs": {
        "minimalbase": "minimalbase",
        "nixpkgs": [
          "minimalbase",
          "nixpkgs"
        ],
        "unpackerr-src": "unpackerr-src"
      }
    },
    "unpackerr-src": {
      "flake": false,
      "locked": {
        "lastModified": 1776101506,
        "narHash": "sha256-nH4ZSBGv4/Ey4H+Lk0hWBeztSplU62DsGIiY135Rp3E=",
        "owner": "unpackerr",
        "repo": "unpackerr",
        "rev": "d6fdf16efdfc29fd22543ba74c8aad6f2d06ee59",
        "type": "github"
      },
      "original": {
        "owner": "unpackerr",
        "repo": "unpackerr",
        "type": "github"
      }
    }
  },
  "root": "root",
  "version": 7
}
