{
  "nodes": {
    "minimalbase": {
      "inputs": {
        "nixpkgs": "nixpkgs"
      },
      "locked": {
        "lastModified": 1782092731,
        "narHash": "sha256-Kax+fA7btNGO6IO6ia6zSh38GaExsnkA1sgKt84DffA=",
        "owner": "nonrootdocker",
        "repo": "minimalbase",
        "rev": "bad229bb9cb97a4d49997f84be5c49989f8dde18",
        "type": "github"
      },
      "original": {
        "owner": "nonrootdocker",
        "repo": "minimalbase",
        "type": "github"
      }
    },
    "nixpkgs": {
      "locked": {
        "lastModified": 1782092127,
        "narHash": "sha256-JLv04LY64Xf3QNa2bBwRgCCDwRMQaZlJc4xsAOwEfiU=",
        "owner": "NixOS",
        "repo": "nixpkgs",
        "rev": "42342cbe4e6f9fdf22afb69b611f803c9c5dab67",
        "type": "github"
      },
      "original": {
        "owner": "NixOS",
        "repo": "nixpkgs",
        "type": "github"
      }
    },
    "root": {
      "inputs": {
        "minimalbase": "minimalbase",
        "nixpkgs": [
          "minimalbase",
          "nixpkgs"
        ],
        "unpackerr-src": "unpackerr-src"
      }
    },
    "unpackerr-src": {
      "flake": false,
      "locked": {
        "lastModified": 1781497780,
        "narHash": "sha256-Tf+KgwvqPNTijJtehmH7piyaOPMBVCB+SWXt/l5pcVk=",
        "owner": "unpackerr",
        "repo": "unpackerr",
        "rev": "63dfd08d2d0bda3d59d92eb9778e2ccf59207bdd",
        "type": "github"
      },
      "original": {
        "owner": "unpackerr",
        "repo": "unpackerr",
        "type": "github"
      }
    }
  },
  "root": "root",
  "version": 7
}
